
Microsoft Visual Studio Solution File, Format Version 12.00
# Visual Studio 15
VisualStudioVersion = 15.0.27703.2035
MinimumVisualStudioVersion = 10.0.40219.1
Project("{FAE04EC0-301F-11D3-BF4B-00C04F79EFBC}") = "xF.Hello.Android", "xF.Hello\xF.Hello.Android\xF.Hello.Android.csproj", "{5BA79F35-EDB1-4460-A150-2145308C102A}"
EndProject
Project("{FAE04EC0-301F-11D3-BF4B-00C04F79EFBC}") = "xF.Hello.iOS", "xF.Hello\xF.Hello.iOS\xF.Hello.iOS.csproj", "{FC077142-238A-404C-858F-B51E13A7DCFA}"
EndProject
Project("{FAE04EC0-301F-11D3-BF4B-00C04F79EFBC}") = "xF.Hello", "xF.Hello\xF.Hello\xF.Hello.csproj", "{092DABF3-FC65-48B5-8F5F-053EADD614CC}"
EndProject
Global
	GlobalSection(SolutionConfigurationPlatforms) = preSolution
		Ad-Hoc|Any CPU = Ad-Hoc|Any CPU
		Ad-Hoc|iPhone = Ad-Hoc|iPhone
		Ad-Hoc|iPhoneSimulator = Ad-Hoc|iPhoneSimulator
		AppStore|Any CPU = AppStore|Any CPU
		AppStore|iPhone = AppStore|iPhone
		AppStore|iPhoneSimulator = AppStore|iPhoneSimulator
		Debug|Any CPU = Debug|Any CPU
		Debug|iPhone = Debug|iPhone
		Debug|iPhoneSimulator = Debug|iPhoneSimulator
		Release|Any CPU = Release|Any CPU
		Release|iPhone = Release|iPhone
		Release|iPhoneSimulator = Release|iPhoneSimulator
	EndGlobalSection
	GlobalSection(ProjectConfigurationPlatforms) = postSolution
		{5BA79F35-EDB1-4460-A150-2145308C102A}.Ad-Hoc|Any CPU.ActiveCfg = Release|Any CPU
		{5BA79F35-EDB1-4460-A150-2145308C102A}.Ad-Hoc|Any CPU.Build.0 = Release|Any CPU
		{5BA79F35-EDB1-4460-A150-2145308C102A}.Ad-Hoc|Any CPU.Deploy.0 = Release|Any CPU
		{5BA79F35-EDB1-4460-A150-2145308C102A}.Ad-Hoc|iPhone.ActiveCfg = Release|Any CPU
		{5BA79F35-EDB1-4460-A150-2145308C102A}.Ad-Hoc|iPhone.Build.0 = Release|Any CPU
		{5BA79F35-EDB1-4460-A150-2145308C102A}.Ad-Hoc|iPhone.Deploy.0 = Release|Any CPU
		{5BA79F35-EDB1-4460-A150-2145308C102A}.Ad-Hoc|iPhoneSimulator.ActiveCfg = Release|Any CPU
		{5BA79F35-EDB1-4460-A150-2145308C102A}.Ad-Hoc|iPhoneSimulator.Build.0 = Release|Any CPU
		{5BA79F35-EDB1-4460-A150-2145308C102A}.Ad-Hoc|iPhoneSimulator.Deploy.0 = Release|Any CPU
		{5BA79F35-EDB1-4460-A150-2145308C102A}.AppStore|Any CPU.ActiveCfg = Release|Any CPU
		{5BA79F35-EDB1-4460-A150-2145308C102A}.AppStore|Any CPU.Build.0 = Release|Any CPU
		{5BA79F35-EDB1-4460-A150-2145308C102A}.AppStore|Any CPU.Deploy.0 = Release|Any CPU
		{5BA79F35-EDB1-4460-A150-2145308C102A}.AppStore|iPhone.ActiveCfg = Release|Any CPU
		{5BA79F35-EDB1-4460-A150-2145308C102A}.AppStore|iPhone.Build.0 = Release|Any CPU
		{5BA79F35-EDB1-4460-A150-2145308C102A}.AppStore|iPhone.Deploy.0 = Release|Any CPU
		{5BA79F35-EDB1-4460-A150-2145308C102A}.AppStore|iPhoneSimulator.ActiveCfg = Release|Any CPU
		{5BA79F35-EDB1-4460-A150-2145308C102A}.AppStore|iPhoneSimulator.Build.0 = Release|Any CPU
		{5BA79F35-EDB1-4460-A150-2145308C102A}.AppStore|iPhoneSimulator.Deploy.0 = Release|Any CPU
		{5BA79F35-EDB1-4460-A150-2145308C102A}.Debug|Any CPU.ActiveCfg = Debug|Any CPU
		{5BA79F35-EDB1-4460-A150-2145308C102A}.Debug|Any CPU.Build.0 = Debug|Any CPU
		{5BA79F35-EDB1-4460-A150-2145308C102A}.Debug|Any CPU.Deploy.0 = Debug|Any CPU
		{5BA79F35-EDB1-4460-A150-2145308C102A}.Debug|iPhone.ActiveCfg = Debug|Any CPU
		{5BA79F35-EDB1-4460-A150-2145308C102A}.Debug|iPhone.Build.0 = Debug|Any CPU
		{5BA79F35-EDB1-4460-A150-2145308C102A}.Debug|iPhone.Deploy.0 = Debug|Any CPU
		{5BA79F35-EDB1-4460-A150-2145308C102A}.Debug|iPhoneSimulator.ActiveCfg = Debug|Any CPU
		{5BA79F35-EDB1-4460-A150-2145308C102A}.Debug|iPhoneSimulator.Build.0 = Debug|Any CPU
		{5BA79F35-EDB1-4460-A150-2145308C102A}.Debug|iPhoneSimulator.Deploy.0 = Debug|Any CPU
		{5BA79F35-EDB1-4460-A150-2145308C102A}.Release|Any CPU.ActiveCfg = Release|Any CPU
		{5BA79F35-EDB1-4460-A150-2145308C102A}.Release|Any CPU.Build.0 = Release|Any CPU
		{5BA79F35-EDB1-4460-A150-2145308C102A}.Release|Any CPU.Deploy.0 = Release|Any CPU
		{5BA79F35-EDB1-4460-A150-2145308C102A}.Release|iPhone.ActiveCfg = Release|Any CPU
		{5BA79F35-EDB1-4460-A150-2145308C102A}.Release|iPhone.Build.0 = Release|Any CPU
		{5BA79F35-EDB1-4460-A150-2145308C102A}.Release|iPhone.Deploy.0 = Release|Any CPU
		{5BA79F35-EDB1-4460-A150-2145308C102A}.Release|iPhoneSimulator.ActiveCfg = Release|Any CPU
		{5BA79F35-EDB1-4460-A150-2145308C102A}.Release|iPhoneSimulator.Build.0 = Release|Any CPU
		{5BA79F35-EDB1-4460-A150-2145308C102A}.Release|iPhoneSimulator.Deploy.0 = Release|Any CPU
		{FC077142-238A-404C-858F-B51E13A7DCFA}.Ad-Hoc|Any CPU.ActiveCfg = Ad-Hoc|iPhone
		{FC077142-238A-404C-858F-B51E13A7DCFA}.Ad-Hoc|Any CPU.Build.0 = Ad-Hoc|iPhone
		{FC077142-238A-404C-858F-B51E13A7DCFA}.Ad-Hoc|Any CPU.Deploy.0 = Ad-Hoc|iPhone
		{FC077142-238A-404C-858F-B51E13A7DCFA}.Ad-Hoc|iPhone.ActiveCfg = Ad-Hoc|iPhone
		{FC077142-238A-404C-858F-B51E13A7DCFA}.Ad-Hoc|iPhone.Build.0 = Ad-Hoc|iPhone
		{FC077142-238A-404C-858F-B51E13A7DCFA}.Ad-Hoc|iPhone.Deploy.0 = Ad-Hoc|iPhone
		{FC077142-238A-404C-858F-B51E13A7DCFA}.Ad-Hoc|iPhoneSimulator.ActiveCfg = Ad-Hoc|iPhoneSimulator
		{FC077142-238A-404C-858F-B51E13A7DCFA}.Ad-Hoc|iPhoneSimulator.Build.0 = Ad-Hoc|iPhoneSimulator
		{FC077142-238A-404C-858F-B51E13A7DCFA}.Ad-Hoc|iPhoneSimulator.Deploy.0 = Ad-Hoc|iPhoneSimulator
		{FC077142-238A-404C-858F-B51E13A7DCFA}.AppStore|Any CPU.ActiveCfg = AppStore|iPhone
		{FC077142-238A-404C-858F-B51E13A7DCFA}.AppStore|Any CPU.Build.0 = AppStore|iPhone
		{FC077142-238A-404C-858F-B51E13A7DCFA}.AppStore|Any CPU.Deploy.0 = AppStore|iPhone
		{FC077142-238A-404C-858F-B51E13A7DCFA}.AppStore|iPhone.ActiveCfg = AppStore|iPhone
		{FC077142-238A-404C-858F-B51E13A7DCFA}.AppStore|iPhone.Build.0 = AppStore|iPhone
		{FC077142-238A-404C-858F-B51E13A7DCFA}.AppStore|iPhone.Deploy.0 = AppStore|iPhone
		{FC077142-238A-404C-858F-B51E13A7DCFA}.AppStore|iPhoneSimulator.ActiveCfg = AppStore|iPhoneSimulator
		{FC077142-238A-404C-858F-B51E13A7DCFA}.AppStore|iPhoneSimulator.Build.0 = AppStore|iPhoneSimulator
		{FC077142-238A-404C-858F-B51E13A7DCFA}.AppStore|iPhoneSimulator.Deploy.0 = AppStore|iPhoneSimulator
		{FC077142-238A-404C-858F-B51E13A7DCFA}.Debug|Any CPU.ActiveCfg = Debug|iPhoneSimulator
		{FC077142-238A-404C-858F-B51E13A7DCFA}.Debug|Any CPU.Build.0 = Debug|iPhoneSimulator
		{FC077142-238A-404C-858F-B51E13A7DCFA}.Debug|Any CPU.Deploy.0 = Debug|iPhoneSimulator
		{FC077142-238A-404C-858F-B51E13A7DCFA}.Debug|iPhone.ActiveCfg = Debug|iPhone
		{FC077142-238A-404C-858F-B51E13A7DCFA}.Debug|iPhone.Build.0 = Debug|iPhone
		{FC077142-238A-404C-858F-B51E13A7DCFA}.Debug|iPhone.Deploy.0 = Debug|iPhone
		{FC077142-238A-404C-858F-B51E13A7DCFA}.Debug|iPhoneSimulator.ActiveCfg = Debug|iPhoneSimulator
		{FC077142-238A-404C-858F-B51E13A7DCFA}.Debug|iPhoneSimulator.Build.0 = Debug|iPhoneSimulator
		{FC077142-238A-404C-858F-B51E13A7DCFA}.Debug|iPhoneSimulator.Deploy.0 = Debug|iPhoneSimulator
		{FC077142-238A-404C-858F-B51E13A7DCFA}.Release|Any CPU.ActiveCfg = Release|iPhone
		{FC077142-238A-404C-858F-B51E13A7DCFA}.Release|Any CPU.Build.0 = Release|iPhone
		{FC077142-238A-404C-858F-B51E13A7DCFA}.Release|Any CPU.Deploy.0 = Release|iPhone
		{FC077142-238A-404C-858F-B51E13A7DCFA}.Release|iPhone.ActiveCfg = Release|iPhone
		{FC077142-238A-404C-858F-B51E13A7DCFA}.Release|iPhone.Build.0 = Release|iPhone
		{FC077142-238A-404C-858F-B51E13A7DCFA}.Release|iPhone.Deploy.0 = Release|iPhone
		{FC077142-238A-404C-858F-B51E13A7DCFA}.Release|iPhoneSimulator.ActiveCfg = Release|iPhoneSimulator
		{FC077142-238A-404C-858F-B51E13A7DCFA}.Release|iPhoneSimulator.Build.0 = Release|iPhoneSimulator
		{FC077142-238A-404C-858F-B51E13A7DCFA}.Release|iPhoneSimulator.Deploy.0 = Release|iPhoneSimulator
		{092DABF3-FC65-48B5-8F5F-053EADD614CC}.Ad-Hoc|Any CPU.ActiveCfg = Debug|Any CPU
		{092DABF3-FC65-48B5-8F5F-053EADD614CC}.Ad-Hoc|Any CPU.Build.0 = Debug|Any CPU
		{092DABF3-FC65-48B5-8F5F-053EADD614CC}.Ad-Hoc|Any CPU.Deploy.0 = Debug|Any CPU
		{092DABF3-FC65-48B5-8F5F-053EADD614CC}.Ad-Hoc|iPhone.ActiveCfg = Debug|Any CPU
		{092DABF3-FC65-48B5-8F5F-053EADD614CC}.Ad-Hoc|iPhone.Build.0 = Debug|Any CPU
		{092DABF3-FC65-48B5-8F5F-053EADD614CC}.Ad-Hoc|iPhone.Deploy.0 = Debug|Any CPU
		{092DABF3-FC65-48B5-8F5F-053EADD614CC}.Ad-Hoc|iPhoneSimulator.ActiveCfg = Debug|Any CPU
		{092DABF3-FC65-48B5-8F5F-053EADD614CC}.Ad-Hoc|iPhoneSimulator.Build.0 = Debug|Any CPU
		{092DABF3-FC65-48B5-8F5F-053EADD614CC}.Ad-Hoc|iPhoneSimulator.Deploy.0 = Debug|Any CPU
		{092DABF3-FC65-48B5-8F5F-053EADD614CC}.AppStore|Any CPU.ActiveCfg = Debug|Any CPU
		{092DABF3-FC65-48B5-8F5F-053EADD614CC}.AppStore|Any CPU.Build.0 = Debug|Any CPU
		{092DABF3-FC65-48B5-8F5F-053EADD614CC}.AppStore|Any CPU.Deploy.0 = Debug|Any CPU
		{092DABF3-FC65-48B5-8F5F-053EADD614CC}.AppStore|iPhone.ActiveCfg = Debug|Any CPU
		{092DABF3-FC65-48B5-8F5F-053EADD614CC}.AppStore|iPhone.Build.0 = Debug|Any CPU
		{092DABF3-FC65-48B5-8F5F-053EADD614CC}.AppStore|iPhone.Deploy.0 = Debug|Any CPU
		{092DABF3-FC65-48B5-8F5F-053EADD614CC}.AppStore|iPhoneSimulator.ActiveCfg = Debug|Any CPU
		{092DABF3-FC65-48B5-8F5F-053EADD614CC}.AppStore|iPhoneSimulator.Build.0 = Debug|Any CPU
		{092DABF3-FC65-48B5-8F5F-053EADD614CC}.AppStore|iPhoneSimulator.Deploy.0 = Debug|Any CPU
		{092DABF3-FC65-48B5-8F5F-053EADD614CC}.Debug|Any CPU.ActiveCfg = Debug|Any CPU
		{092DABF3-FC65-48B5-8F5F-053EADD614CC}.Debug|Any CPU.Build.0 = Debug|Any CPU
		{092DABF3-FC65-48B5-8F5F-053EADD614CC}.Debug|Any CPU.Deploy.0 = Debug|Any CPU
		{092DABF3-FC65-48B5-8F5F-053EADD614CC}.Debug|iPhone.ActiveCfg = Debug|Any CPU
		{092DABF3-FC65-48B5-8F5F-053EADD614CC}.Debug|iPhone.Build.0 = Debug|Any CPU
		{092DABF3-FC65-48B5-8F5F-053EADD614CC}.Debug|iPhone.Deploy.0 = Debug|Any CPU
		{092DABF3-FC65-48B5-8F5F-053EADD614CC}.Debug|iPhoneSimulator.ActiveCfg = Debug|Any CPU
		{092DABF3-FC65-48B5-8F5F-053EADD614CC}.Debug|iPhoneSimulator.Build.0 = Debug|Any CPU
		{092DABF3-FC65-48B5-8F5F-053EADD614CC}.Debug|iPhoneSimulator.Deploy.0 = Debug|Any CPU
		{092DABF3-FC65-48B5-8F5F-053EADD614CC}.Release|Any CPU.ActiveCfg = Release|Any CPU
		{092DABF3-FC65-48B5-8F5F-053EADD614CC}.Release|Any CPU.Build.0 = Release|Any CPU
		{092DABF3-FC65-48B5-8F5F-053EADD614CC}.Release|Any CPU.Deploy.0 = Release|Any CPU
		{092DABF3-FC65-48B5-8F5F-053EADD614CC}.Release|iPhone.ActiveCfg = Release|Any CPU
		{092DABF3-FC65-48B5-8F5F-053EADD614CC}.Release|iPhone.Build.0 = Release|Any CPU
		{092DABF3-FC65-48B5-8F5F-053EADD614CC}.Release|iPhone.Deploy.0 = Release|Any CPU
		{092DABF3-FC65-48B5-8F5F-053EADD614CC}.Release|iPhoneSimulator.ActiveCfg = Release|Any CPU
		{092DABF3-FC65-48B5-8F5F-053EADD614CC}.Release|iPhoneSimulator.Build.0 = Release|Any CPU
		{092DABF3-FC65-48B5-8F5F-053EADD614CC}.Release|iPhoneSimulator.Deploy.0 = Release|Any CPU
	EndGlobalSection
	GlobalSection(SolutionProperties) = preSolution
		HideSolutionNode = FALSE
	EndGlobalSection
	GlobalSection(ExtensibilityGlobals) = postSolution
		SolutionGuid = {6D9D4631-2C71-4427-89F2-6C38F7418762}
	EndGlobalSection
EndGlobal
